
Microsoft Visual Studio Solution File, Format Version 12.00
Project("{FAE04EC0-301F-11D3-BF4B-00C04F79EFBC}") = "BookTest", "BookTest\BookTest.csproj", "{FFC0D10D-C053-4D2A-B325-E2243BD4C1EE}"
EndProject
Global
	GlobalSection(SolutionConfigurationPlatforms) = preSolution
		Debug|Any CPU = Debug|Any CPU
		Release|Any CPU = Release|Any CPU
	EndGlobalSection
	GlobalSection(ProjectConfigurationPlatforms) = postSolution
		{FFC0D10D-C053-4D2A-B325-E2243BD4C1EE}.Debug|Any CPU.ActiveCfg = Debug|Any CPU
		{FFC0D10D-C053-4D2A-B325-E2243BD4C1EE}.Debug|Any CPU.Build.0 = Debug|Any CPU
		{FFC0D10D-C053-4D2A-B325-E2243BD4C1EE}.Release|Any CPU.ActiveCfg = Release|Any CPU
		{FFC0D10D-C053-4D2A-B325-E2243BD4C1EE}.Release|Any CPU.Build.0 = Release|Any CPU
	EndGlobalSection
EndGlobal
